
Microsoft Visual Studio Solution File, Format Version 12.00
# Visual Studio 2013
VisualStudioVersion = 12.0.21005.1
MinimumVisualStudioVersion = 10.0.40219.1
Project("{8BC9CEB8-8B4A-11D0-8D11-00A0C91BC942}") = "20153219_01", "20153219_01\20153219_01.vcxproj", "{CAA37015-C3C3-4864-90C2-5F0B6E55DC05}"
EndProject
Global
	GlobalSection(SolutionConfigurationPlatforms) = preSolution
		Debug|Win32 = Debug|Win32
		Release|Win32 = Release|Win32
	EndGlobalSection
	GlobalSection(ProjectConfigurationPlatforms) = postSolution
		{CAA37015-C3C3-4864-90C2-5F0B6E55DC05}.Debug|Win32.ActiveCfg = Debug|Win32
		{CAA37015-C3C3-4864-90C2-5F0B6E55DC05}.Debug|Win32.Build.0 = Debug|Win32
		{CAA37015-C3C3-4864-90C2-5F0B6E55DC05}.Release|Win32.ActiveCfg = Release|Win32
		{CAA37015-C3C3-4864-90C2-5F0B6E55DC05}.Release|Win32.Build.0 = Release|Win32
	EndGlobalSection
	GlobalSection(SolutionProperties) = preSolution
		HideSolutionNode = FALSE
	EndGlobalSection
EndGlobal
